GEM
  remote: https://rubygems.org/
  specs:
    addressable (2.8.7)
      public_suffix (>= 2.0.2, < 7.0)
    base64 (0.3.0)
    bigdecimal (3.3.1)
    colorator (1.1.0)
    concurrent-ruby (1.3.5)
    csv (3.3.5)
    em-websocket (0.5.3)
      eventmachine (>= 0.12.9)
      http_parser.rb (~> 0)
    eventmachine (1.2.7)
    ffi (1.17.2)
    ffi (1.17.2-arm-linux-gnu)
    ffi (1.17.2-arm-linux-musl)
    ffi (1.17.2-arm64-darwin)
    ffi (1.17.2-x64-mingw-ucrt)
    ffi (1.17.2-x86_64-linux-gnu)
    ffi (1.17.2-x86_64-linux-musl)
    forwardable-extended (2.6.0)
    google-protobuf (4.33.1)
      bigdecimal
      rake (>= 13)
    google-protobuf (4.33.1-arm64-darwin)
      bigdecimal
      rake (>= 13)
    google-protobuf (4.33.1-x64-mingw-ucrt)
      bigdecimal
      rake (>= 13)
    google-protobuf (4.33.1-x86_64-linux-gnu)
      bigdecimal
      rake (>= 13)
    google-protobuf (4.33.1-x86_64-linux-musl)
      bigdecimal
      rake (>= 13)
    http_parser.rb (0.8.0)
    i18n (1.14.7)
      concurrent-ruby (~> 1.0)
    jekyll (4.3.4)
      addressable (~> 2.4)
      colorator (~> 1.0)
      em-websocket (~> 0.5)
      i18n (~> 1.0)
      jekyll-sass-converter (>= 2.0, < 4.0)
      jekyll-watch (~> 2.0)
      kramdown (~> 2.3, >= 2.3.1)
      kramdown-parser-gfm (~> 1.0)
      liquid (~> 4.0)
      mercenary (>= 0.3.6, < 0.5)
      pathutil (~> 0.9)
      rouge (>= 3.0, < 5.0)
      safe_yaml (~> 1.0)
      terminal-table (>= 1.8, < 4.0)
      webrick (~> 1.7)
    jekyll-compose (0.12.0)
      jekyll (>= 3.7, < 5.0)
    jekyll-feed (0.17.0)
      jekyll (>= 3.7, < 5.0)
    jekyll-sass-converter (3.1.0)
      sass-embedded (~> 1.75)
    jekyll-seo-tag (2.8.0)
      jekyll (>= 3.8, < 5.0)
    jekyll-sitemap (1.4.0)
      jekyll (>= 3.7, < 5.0)
    jekyll-watch (2.2.1)
      listen (~> 3.0)
    kramdown (2.5.1)
      rexml (>= 3.3.9)
    kramdown-parser-gfm (1.1.0)
      kramdown (~> 2.0)
    liquid (4.0.4)
    listen (3.9.0)
      rb-fsevent (~> 0.10, >= 0.10.3)
      rb-inotify (~> 0.9, >= 0.9.10)
    logger (1.7.0)
    mercenary (0.4.0)
    minima (2.5.2)
      jekyll (>= 3.5, < 5.0)
      jekyll-feed (~> 0.9)
      jekyll-seo-tag (~> 2.1)
    pathutil (0.16.2)
      forwardable-extended (~> 2.6)
    public_suffix (6.0.2)
    rake (13.3.1)
    rb-fsevent (0.11.2)
    rb-inotify (0.11.1)
      ffi (~> 1.0)
    rexml (3.4.4)
    rouge (4.6.1)
    safe_yaml (1.0.5)
    sass-embedded (1.94.0)
      google-protobuf (~> 4.31)
      rake (>= 13)
    sass-embedded (1.94.0-aarch64-linux-android)
      google-protobuf (~> 4.31)
    sass-embedded (1.94.0-aarch64-mingw-ucrt)
      google-protobuf (~> 4.31)
    sass-embedded (1.94.0-arm-linux-androideabi)
      google-protobuf (~> 4.31)
    sass-embedded (1.94.0-arm-linux-gnueabihf)
      google-protobuf (~> 4.31)
    sass-embedded (1.94.0-arm-linux-musleabihf)
      google-protobuf (~> 4.31)
    sass-embedded (1.94.0-arm64-darwin)
      google-protobuf (~> 4.31)
    sass-embedded (1.94.0-riscv64-linux-android)
      google-protobuf (~> 4.31)
    sass-embedded (1.94.0-riscv64-linux-gnu)
      google-protobuf (~> 4.31)
    sass-embedded (1.94.0-riscv64-linux-musl)
      google-protobuf (~> 4.31)
    sass-embedded (1.94.0-x64-mingw-ucrt)
      google-protobuf (~> 4.31)
    sass-embedded (1.94.0-x86_64-linux-android)
      google-protobuf (~> 4.31)
    sass-embedded (1.94.0-x86_64-linux-gnu)
      google-protobuf (~> 4.31)
    sass-embedded (1.94.0-x86_64-linux-musl)
      google-protobuf (~> 4.31)
    terminal-table (3.0.2)
      unicode-display_width (>= 1.1.1, < 3)
    unicode-display_width (2.6.0)
    webrick (1.9.1)

PLATFORMS
  aarch64-linux-android
  aarch64-mingw-ucrt
  arm-linux-androideabi
  arm-linux-gnu
  arm-linux-gnueabihf
  arm-linux-musl
  arm-linux-musleabihf
  arm64-darwin
  riscv64-linux-android
  riscv64-linux-gnu
  riscv64-linux-musl
  ruby
  x64-mingw-ucrt
  x86_64-cygwin
  x86_64-linux
  x86_64-linux-android
  x86_64-linux-musl

DEPENDENCIES
  base64
  csv
  google-protobuf
  jekyll (~> 4.3.4)
  jekyll-compose
  jekyll-feed (~> 0.12)
  jekyll-seo-tag
  jekyll-sitemap
  logger
  minima (~> 2.5)
  sass-embedded

CHECKSUMS
  addressable (2.8.7) sha256=462986537cf3735ab5f3c0f557f14155d778f4b43ea4f485a9deb9c8f7c58232
  base64 (0.3.0) sha256=27337aeabad6ffae05c265c450490628ef3ebd4b67be58257393227588f5a97b
  bigdecimal (3.3.1) sha256=eaa01e228be54c4f9f53bf3cc34fe3d5e845c31963e7fcc5bedb05a4e7d52218
  colorator (1.1.0) sha256=e2f85daf57af47d740db2a32191d1bdfb0f6503a0dfbc8327d0c9154d5ddfc38
  concurrent-ruby (1.3.5) sha256=813b3e37aca6df2a21a3b9f1d497f8cbab24a2b94cab325bffe65ee0f6cbebc6
  csv (3.3.5) sha256=6e5134ac3383ef728b7f02725d9872934f523cb40b961479f69cf3afa6c8e73f
  em-websocket (0.5.3) sha256=f56a92bde4e6cb879256d58ee31f124181f68f8887bd14d53d5d9a292758c6a8
  eventmachine (1.2.7) sha256=994016e42aa041477ba9cff45cbe50de2047f25dd418eba003e84f0d16560972
  ffi (1.17.2) sha256=297235842e5947cc3036ebe64077584bff583cd7a4e94e9a02fdec399ef46da6
  ffi (1.17.2-arm-linux-gnu) sha256=d4a438f2b40224ae42ec72f293b3ebe0ba2159f7d1bd47f8417e6af2f68dbaa5
  ffi (1.17.2-arm-linux-musl) sha256=977dfb7f3a6381206dbda9bc441d9e1f9366bf189a634559c3b7c182c497aaa3
  ffi (1.17.2-arm64-darwin) sha256=54dd9789be1d30157782b8de42d8f887a3c3c345293b57ffb6b45b4d1165f813
  ffi (1.17.2-x64-mingw-ucrt) sha256=15d2da54ee578657a333a6059ed16eaba1cbd794ceecd15944825b65c8381ac0
  ffi (1.17.2-x86_64-linux-gnu) sha256=05d2026fc9dbb7cfd21a5934559f16293815b7ce0314846fee2ac8efbdb823ea
  ffi (1.17.2-x86_64-linux-musl) sha256=97c0eb3981414309285a64dc4d466bd149e981c279a56371ef811395d68cb95c
  forwardable-extended (2.6.0) sha256=1bec948c469bbddfadeb3bd90eb8c85f6e627a412a3e852acfd7eaedbac3ec97
  google-protobuf (4.33.1) sha256=81d9bcab7a00b30a3fd042e78fcb113a0a0f564b474c64eddc378bf0558c44ec
  google-protobuf (4.33.1-arm64-darwin) sha256=1d86489ed6b21d51b9eb66ca41ab26c243e01193d44bba2be4963e2ad0992103
  google-protobuf (4.33.1-x64-mingw-ucrt) sha256=cdf2cc904a9189511d21a13e941fcf9082699e986975af2ecfc9983b7aa84d7e
  google-protobuf (4.33.1-x86_64-linux-gnu) sha256=8205efe9313f19b5106a912b3c2146d6da5681a2a3427d361613a8f20f3e3750
  google-protobuf (4.33.1-x86_64-linux-musl) sha256=6c6d6dc2cc560f00d912176db2788bf945f83dff5f5751d3245a97f55ddf0b1d
  http_parser.rb (0.8.0) sha256=5a0932f1fa82ce08a8516a2685d5a86031c000560f89946913c555a0697544be
  i18n (1.14.7) sha256=ceba573f8138ff2c0915427f1fc5bdf4aa3ab8ae88c8ce255eb3ecf0a11a5d0f
  jekyll (4.3.4) sha256=c488282c2819c392d34d3a3784eacde2cde4b61c8e3c9c9295f6c01fb1754404
  jekyll-compose (0.12.0) sha256=0478638a921c5795b1e5b1ffdc769f3c405682e239b1de0117bde60af4edc8db
  jekyll-feed (0.17.0) sha256=689aab16c877949bb9e7a5c436de6278318a51ecb974792232fd94d8b3acfcc3
  jekyll-sass-converter (3.1.0) sha256=83925d84f1d134410c11d0c6643b0093e82e3a3cf127e90757a85294a3862443
  jekyll-seo-tag (2.8.0) sha256=3f2ed1916d56f14ebfa38e24acde9b7c946df70cb183af2cb5f0598f21ae6818
  jekyll-sitemap (1.4.0) sha256=0de08c5debc185ea5a8f980e1025c7cd3f8e0c35c8b6ef592f15c46235cf4218
  jekyll-watch (2.2.1) sha256=bc44ed43f5e0a552836245a54dbff3ea7421ecc2856707e8a1ee203a8387a7e1
  kramdown (2.5.1) sha256=87bbb6abd9d3cebe4fc1f33e367c392b4500e6f8fa19dd61c0972cf4afe7368c
  kramdown-parser-gfm (1.1.0) sha256=fb39745516427d2988543bf01fc4cf0ab1149476382393e0e9c48592f6581729
  liquid (4.0.4) sha256=4fcfebb1a045e47918388dbb7a0925e7c3893e58d2bd6c3b3c73ec17a2d8fdb3
  listen (3.9.0) sha256=db9e4424e0e5834480385197c139cb6b0ae0ef28cc13310cfd1ca78377d59c67
  logger (1.7.0) sha256=196edec7cc44b66cfb40f9755ce11b392f21f7967696af15d274dde7edff0203
  mercenary (0.4.0) sha256=b25a1e4a59adca88665e08e24acf0af30da5b5d859f7d8f38fba52c28f405138
  minima (2.5.2) sha256=9c434e3b7bc4a0f0ab488910438ed3757a0502ff1060d172f361907fc38aa45a
  pathutil (0.16.2) sha256=e43b74365631cab4f6d5e4228f812927efc9cb2c71e62976edcb252ee948d589
  public_suffix (6.0.2) sha256=bfa7cd5108066f8c9602e0d6d4114999a5df5839a63149d3e8b0f9c1d3558394
  rake (13.3.1) sha256=8c9e89d09f66a26a01264e7e3480ec0607f0c497a861ef16063604b1b08eb19c
  rb-fsevent (0.11.2) sha256=43900b972e7301d6570f64b850a5aa67833ee7d87b458ee92805d56b7318aefe
  rb-inotify (0.11.1) sha256=a0a700441239b0ff18eb65e3866236cd78613d6b9f78fea1f9ac47a85e47be6e
  rexml (3.4.4) sha256=19e0a2c3425dfbf2d4fc1189747bdb2f849b6c5e74180401b15734bc97b5d142
  rouge (4.6.1) sha256=5075346d5797d6864be93f7adc75a16047a7dbfa572c63c502419ffa582c77de
  safe_yaml (1.0.5) sha256=a6ac2d64b7eb027bdeeca1851fe7e7af0d668e133e8a88066a0c6f7087d9f848
  sass-embedded (1.94.0) sha256=29a83a456243e688f81da4a2d4789c754303aa5b41ce5602bdb003ae390d4aee
  sass-embedded (1.94.0-aarch64-linux-android) sha256=cd6a15c1a5ea8817401c91e94174e7514b4c0490f25c8d6e4145ed399759e3bc
  sass-embedded (1.94.0-aarch64-mingw-ucrt) sha256=6fd575bae8839324690f7b034744aaa021c503a29f5202da162499df1aac66c5
  sass-embedded (1.94.0-arm-linux-androideabi) sha256=28b416959342a1e7e846c2d99d00ab6a5ac1de240eec44a58e55a656aa65f073
  sass-embedded (1.94.0-arm-linux-gnueabihf) sha256=d102ef54cd8684d598a6afe0e8ccd8e2641ffd5477705a7361a15b96ba6e341b
  sass-embedded (1.94.0-arm-linux-musleabihf) sha256=795523c3dda5ea560c3195439b52ad1deaeb24c7c2fbe9381a7fc3122470dfc4
  sass-embedded (1.94.0-arm64-darwin) sha256=0bc875e9b4d2e457f80ca2e1421497e76275d7402ea8f516588c9410520df9ed
  sass-embedded (1.94.0-riscv64-linux-android) sha256=c98cef2902505ab16a4ea9804d865bbbf404dc9d43df1518300bdaa91b92236b
  sass-embedded (1.94.0-riscv64-linux-gnu) sha256=a1ca61bed49323e0dcaa2a5187b86f8691cb71deb12b1279bcffcefd6f45f641
  sass-embedded (1.94.0-riscv64-linux-musl) sha256=e910a874bfe1190b3e8ec622ddbbca41aa9ff35d16f5c4b4c8e5150ca6aa03c4
  sass-embedded (1.94.0-x64-mingw-ucrt) sha256=18fc9042225f204c504ef9f23d1154636bf00e878beb10ea6950404fae92ba13
  sass-embedded (1.94.0-x86_64-linux-android) sha256=17e1f553a3d9327c4889fca64b0ca2a59b283ba851096976516e32083362008d
  sass-embedded (1.94.0-x86_64-linux-gnu) sha256=ce2d02b7f9e4d9195eebbf062467a4caa469e8e2b3a52723ff23399b92c33247
  sass-embedded (1.94.0-x86_64-linux-musl) sha256=55b74aed82958986e96a3c7745d8f08f215457becaccd7d1fb124b56137e3157
  terminal-table (3.0.2) sha256=f951b6af5f3e00203fb290a669e0a85c5dd5b051b3b023392ccfd67ba5abae91
  unicode-display_width (2.6.0) sha256=12279874bba6d5e4d2728cef814b19197dbb10d7a7837a869bab65da943b7f5a
  webrick (1.9.1) sha256=b42d3c94f166f3fb73d87e9b359def9b5836c426fc8beacf38f2184a21b2a989

RUBY VERSION
   ruby 3.4.7p0

BUNDLED WITH
   2.7.2
